#MicroXplorer Configuration settings - do not modify
Mcu.Family=STM32F1
PA11.GPIO_Speed=GPIO_SPEED_FREQ_HIGH
VP_RTC_VS_RTC_Activate.Signal=RTC_VS_RTC_Activate
ProjectManager.MainLocation=Core/Src
ProjectManager.ProjectFileName=geiger_firmware.ioc
ProjectManager.KeepUserCode=true
Mcu.UserName=STM32F103C8Tx
PA15.GPIOParameters=GPIO_Speed,GPIO_PuPd,GPIO_Label
Mcu.PinsNb=18
PB10.Mode=I2C
ProjectManager.NoMain=false
PA10.GPIO_PuPd=GPIO_PULLDOWN
RCC.PLLCLKFreq_Value=8000000
PA9.GPIO_Label=LCD_RST
PB14.GPIO_Label=BTN1
PC13-TAMPER-RTC.GPIOParameters=GPIO_Label
PA12.GPIOParameters=GPIO_Speed,GPIO_PuPd,GPIO_Label
ProjectManager.functionlistsort=1-MX_GPIO_Init-GPIO-false-HAL-true,2-SystemClock_Config-RCC-false-HAL-false,3-MX_I2C2_Init-I2C2-false-HAL-true,4-MX_RTC_Init-RTC-false-HAL-true,5-MX_TIM3_Init-TIM3-false-HAL-true
PA9.GPIOParameters=GPIO_Speed,GPIO_PuPd,GPIO_Label
PA11.GPIOParameters=GPIO_Speed,GPIO_PuPd,GPIO_Label
PC13-TAMPER-RTC.Signal=GPIO_Output
VP_RTC_VS_RTC_Activate.Mode=RTC_Enabled
PA11.GPIO_Label=LCD_DC
RCC.ADCFreqValue=4000000
ProjectManager.DefaultFWLocation=true
VP_RTC_VS_RTC_Calendar.Signal=RTC_VS_RTC_Calendar
PA11.GPIO_PuPd=GPIO_PULLDOWN
ProjectManager.DeletePrevious=true
PB14.Locked=true
PB11.Signal=I2C2_SDA
PB15.Signal=GPIO_Input
PA9.GPIO_PuPd=GPIO_PULLDOWN
PinOutPanel.RotationAngle=0
PA12.GPIO_Label=LCD_DIN
PB3.GPIO_Speed=GPIO_SPEED_FREQ_HIGH
RCC.FamilyName=M
ProjectManager.StackSize=0x400
PA13.Signal=SYS_JTMS-SWDIO
Mcu.IP4=SYS
RCC.FCLKCortexFreq_Value=8000000
Mcu.IP5=TIM3
NVIC.SVCall_IRQn=true\:0\:0\:false\:false\:true\:false\:false
Mcu.IP2=RCC
Mcu.IP3=RTC
PA15.GPIO_Label=LCD_CLK
Mcu.IP0=I2C2
PA11.Locked=true
PA12.Locked=true
PA15.Locked=true
Mcu.IP1=NVIC
PA12.Signal=GPIO_Output
PA8.GPIO_Label=STS5
Mcu.UserConstants=
PB11.Mode=I2C
ProjectManager.TargetToolchain=STM32CubeIDE
Mcu.ThirdPartyNb=0
RCC.HCLKFreq_Value=8000000
Mcu.IPNb=6
ProjectManager.PreviousToolchain=STM32CubeIDE
RCC.APB2TimFreq_Value=8000000
PA9.Signal=GPIO_Output
PA8.GPIOParameters=GPIO_Label,GPIO_ModeDefaultEXTI
Mcu.Pin6=PA9
Mcu.Pin7=PA10
ProjectManager.RegisterCallBack=
PC13-TAMPER-RTC.Locked=true
Mcu.Pin8=PA11
RCC.USBFreq_Value=8000000
Mcu.Pin9=PA12
VP_TIM3_VS_ClockSourceINT.Signal=TIM3_VS_ClockSourceINT
RCC.AHBFreq_Value=8000000
Mcu.Pin0=PC13-TAMPER-RTC
Mcu.Pin1=PB10
GPIO.groupedBy=Group By Peripherals
PB10.Signal=I2C2_SCL
Mcu.Pin2=PB11
Mcu.Pin3=PB14
Mcu.Pin4=PB15
PB14.Signal=GPIO_Input
Mcu.Pin5=PA8
ProjectManager.ProjectBuild=false
NVIC.UsageFault_IRQn=true\:0\:0\:false\:false\:true\:false\:false
NVIC.DebugMonitor_IRQn=true\:0\:0\:false\:false\:true\:false\:false
PA8.Locked=true
board=custom
NVIC.SysTick_IRQn=true\:0\:0\:false\:false\:true\:false\:true
ProjectManager.LastFirmware=true
PC13-TAMPER-RTC.GPIO_Label=LED
ProjectManager.FirmwarePackage=STM32Cube FW_F1 V1.8.3
MxDb.Version=DB.6.0.20
RCC.APB2Freq_Value=8000000
PB3.GPIO_PuPd=GPIO_PULLDOWN
ProjectManager.BackupPrevious=false
MxCube.Version=6.2.0
PB15.GPIO_Label=BTN2
PA14.Mode=Serial_Wire
TIM3.Prescaler=80 - 1
File.Version=6
PA10.GPIO_Label=LCD_CE
PA10.GPIOParameters=GPIO_Speed,GPIO_PuPd,GPIO_Label
VP_SYS_VS_Systick.Mode=SysTick
TIM3.IPParameters=Prescaler
PB3.GPIOParameters=GPIO_Speed,GPIO_PuPd,GPIO_Label
PA9.Locked=true
PA8.Signal=GPXTI8
NVIC.NonMaskableInt_IRQn=true\:0\:0\:false\:false\:true\:false\:false
NVIC.PendSV_IRQn=true\:0\:0\:false\:false\:true\:false\:false
PB15.GPIOParameters=GPIO_PuPd,GPIO_Label
PA13.Mode=Serial_Wire
ProjectManager.FreePins=false
RCC.IPParameters=ADCFreqValue,AHBFreq_Value,APB1Freq_Value,APB1TimFreq_Value,APB2Freq_Value,APB2TimFreq_Value,FCLKCortexFreq_Value,FamilyName,HCLKFreq_Value,PLLCLKFreq_Value,PLLMCOFreq_Value,TimSysFreq_Value,USBFreq_Value
ProjectManager.AskForMigrate=true
Mcu.Name=STM32F103C(8-B)Tx
ProjectManager.HalAssertFull=false
ProjectManager.ProjectName=geiger_firmware
ProjectManager.UnderRoot=true
RCC.PLLMCOFreq_Value=4000000
ProjectManager.CoupleFile=false
PB3.Signal=GPIO_Output
Mcu.Package=LQFP48
PB14.GPIO_PuPd=GPIO_PULLDOWN
RCC.TimSysFreq_Value=8000000
PA10.Locked=true
NVIC.ForceEnableDMAVector=true
KeepUserPlacement=false
PB15.GPIO_PuPd=GPIO_PULLDOWN
PA8.GPIO_ModeDefaultEXTI=GPIO_MODE_IT_FALLING
SH.GPXTI8.0=GPIO_EXTI8
NVIC.MemoryManagement_IRQn=true\:0\:0\:false\:false\:true\:false\:false
ProjectManager.CompilerOptimize=6
PA15.GPIO_Speed=GPIO_SPEED_FREQ_HIGH
ProjectManager.ToolChainLocation=
PA11.Signal=GPIO_Output
VP_SYS_VS_Systick.Signal=SYS_VS_Systick
SH.GPXTI8.ConfNb=1
NVIC.EXTI9_5_IRQn=true\:0\:0\:false\:false\:true\:true\:true
PA10.Signal=GPIO_Output
PA14.Signal=SYS_JTCK-SWCLK
VP_RTC_VS_RTC_Calendar.Mode=RTC_Calendar
PA15.Signal=GPIO_Output
ProjectManager.HeapSize=0x200
Mcu.Pin15=VP_RTC_VS_RTC_Calendar
NVIC.HardFault_IRQn=true\:0\:0\:false\:false\:true\:false\:false
Mcu.Pin16=VP_SYS_VS_Systick
Mcu.Pin13=PB3
Mcu.Pin14=VP_RTC_VS_RTC_Activate
PB14.GPIOParameters=GPIO_PuPd,GPIO_Label
ProjectManager.ComputerToolchain=false
Mcu.Pin17=VP_TIM3_VS_ClockSourceINT
PA10.GPIO_Speed=GPIO_SPEED_FREQ_HIGH
NVIC.PriorityGroup=NVIC_PRIORITYGROUP_4
Mcu.Pin11=PA14
Mcu.Pin12=PA15
Mcu.Pin10=PA13
PA15.GPIO_PuPd=GPIO_PULLDOWN
RCC.APB1TimFreq_Value=8000000
PA9.GPIO_Speed=GPIO_SPEED_FREQ_HIGH
NVIC.BusFault_IRQn=true\:0\:0\:false\:false\:true\:false\:false
PA12.GPIO_PuPd=GPIO_PULLDOWN
RCC.APB1Freq_Value=8000000
ProjectManager.CustomerFirmwarePackage=
VP_TIM3_VS_ClockSourceINT.Mode=Internal
ProjectManager.DeviceId=STM32F103C8Tx
PA12.GPIO_Speed=GPIO_SPEED_FREQ_HIGH
ProjectManager.LibraryCopy=1
PB15.Locked=true
PB3.Locked=true
PB3.GPIO_Label=LCD_LIGHT
isbadioc=false
